// !$*UTF8*$!
{
	archiveVersion = 1;
	classes = {
	};
	objectVersion = 46;
	objects = {

/* Begin PBXBuildFile section */
		AD0DBEA71C8E71870094B2A7 /* main.m in Sources */ = {isa = PBXBuildFile; fileRef = AD0DBEA61C8E71870094B2A7 /* main.m */; };
		AD0DBEAA1C8E71870094B2A7 /* AppDelegate.m in Sources */ = {isa = PBXBuildFile; fileRef = AD0DBEA91C8E71870094B2A7 /* AppDelegate.m */; };
		AD0DBEAD1C8E71870094B2A7 /* ViewController.m in Sources */ = {isa = PBXBuildFile; fileRef = AD0DBEAC1C8E71870094B2A7 /* ViewController.m */; };
		AD0DBEB21C8E71870094B2A7 /* Assets.xcassets in Resources */ = {isa = PBXBuildFile; fileRef = AD0DBEB11C8E71870094B2A7 /* Assets.xcassets */; };
/* End PBXBuildFile section */

/* Begin PBXFileReference section */
		AD0DBEA21C8E71870094B2A7 /* RX.Kit.app */ = {isa = PBXFileReference; explicitFileType = wrapper.application; includeInIndex = 0; path = RX.Kit.app; sourceTree = BUILT_PRODUCTS_DIR; };
		AD0DBEA61C8E71870094B2A7 /* main.m */ = {isa = PBXFileReference; lastKnownFileType = sourcecode.c.objc; path = main.m; sourceTree = "<group>"; };
		AD0DBEA81C8E71870094B2A7 /* AppDelegate.h */ = {isa = PBXFileReference; lastKnownFileType = sourcecode.c.h; path = AppDelegate.h; sourceTree = "<group>"; };
		AD0DBEA91C8E71870094B2A7 /* AppDelegate.m */ = {isa = PBXFileReference; lastKnownFileType = sourcecode.c.objc; path = AppDelegate.m; sourceTree = "<group>"; };
		AD0DBEAB1C8E71870094B2A7 /* ViewController.h */ = {isa = PBXFileReference; lastKnownFileType = sourcecode.c.h; path = ViewController.h; sourceTree = "<group>"; };
		AD0DBEAC1C8E71870094B2A7 /* ViewController.m */ = {isa = PBXFileReference; lastKnownFileType = sourcecode.c.objc; path = ViewController.m; sourceTree = "<group>"; };
		AD0DBEB11C8E71870094B2A7 /* Assets.xcassets */ = {isa = PBXFileReference; lastKnownFileType = folder.assetcatalog; path = Assets.xcassets; sourceTree = "<group>"; };
		AD0DBEB61C8E71870094B2A7 /* Info.plist */ = {isa = PBXFileReference; lastKnownFileType = text.plist.xml; path = Info.plist; sourceTree = "<group>"; };
/* End PBXFileReference section */

/* Begin PBXFrameworksBuildPhase section */
		AD0DBE9F1C8E71870094B2A7 /* Frameworks */ = {
			isa = PBXFrameworksBuildPhase;
			buildActionMask = 2147483647;
			files = (
			);
			runOnlyForDeploymentPostprocessing = 0;
		};
/* End PBXFrameworksBuildPhase section */

/* Begin PBXGroup section */
		AD0DBE991C8E71870094B2A7 = {
			isa = PBXGroup;
			children = (
				AD0DBEA41C8E71870094B2A7 /* RX.Kit */,
				AD0DBEA31C8E71870094B2A7 /* Products */,
			);
			sourceTree = "<group>";
		};
		AD0DBEA31C8E71870094B2A7 /* Products */ = {
			isa = PBXGroup;
			children = (
				AD0DBEA21C8E71870094B2A7 /* RX.Kit.app */,
			);
			name = Products;
			sourceTree = "<group>";
		};
		AD0DBEA41C8E71870094B2A7 /* RX.Kit */ = {
			isa = PBXGroup;
			children = (
				AD0DBEA81C8E71870094B2A7 /* AppDelegate.h */,
				AD0DBEA91C8E71870094B2A7 /* AppDelegate.m */,
				AD0DBEAB1C8E71870094B2A7 /* ViewController.h */,
				AD0DBEAC1C8E71870094B2A7 /* ViewController.m */,
				AD0DBEB11C8E71870094B2A7 /* Assets.xcassets */,
				AD0DBEB61C8E71870094B2A7 /* Info.plist */,
				AD0DBEA51C8E71870094B2A7 /* Supporting Files */,
			);
			path = RX.Kit;
			sourceTree = "<group>";
		};
		AD0DBEA51C8E71870094B2A7 /* Supporting Files */ = {
			isa = PBXGroup;
			children = (
				AD0DBEA61C8E71870094B2A7 /* main.m */,
			);
			name = "Supporting Files";
			sourceTree = "<group>";
		};
/* End PBXGroup section */

/* Begin PBXNativeTarget section */
		AD0DBEA11C8E71870094B2A7 /* RX.Kit */ = {
			isa = PBXNativeTarget;
			buildConfigurationList = AD0DBEB91C8E71870094B2A7 /* Build configuration list for PBXNativeTarget "RX.Kit" */;
			buildPhases = (
				AD0DBE9E1C8E71870094B2A7 /* Sources */,
				AD0DBE9F1C8E71870094B2A7 /* Frameworks */,
				AD0DBEA01C8E71870094B2A7 /* Resources */,
			);
			buildRules = (
			);
			dependencies = (
			);
			name = RX.Kit;
			productName = RX.Kit;
			productReference = AD0DBEA21C8E71870094B2A7 /* RX.Kit.app */;
			productType = "com.apple.product-type.application";
		};
/* End PBXNativeTarget section */

/* Begin PBXProject section */
		AD0DBE9A1C8E71870094B2A7 /* Project object */ = {
			isa = PBXProject;
			attributes = {
				LastUpgradeCheck = 0720;
				ORGANIZATIONNAME = Constantine;
				TargetAttributes = {
					AD0DBEA11C8E71870094B2A7 = {
						CreatedOnToolsVersion = 7.2;
					};
				};
			};
			buildConfigurationList = AD0DBE9D1C8E71870094B2A7 /* Build configuration list for PBXProject "RX.Kit" */;
			compatibilityVersion = "Xcode 3.2";
			developmentRegion = English;
			hasScannedForEncodings = 0;
			knownRegions = (
				en,
				Base,
			);
			mainGroup = AD0DBE991C8E71870094B2A7;
			productRefGroup = AD0DBEA31C8E71870094B2A7 /* Products */;
			projectDirPath = "";
			projectRoot = "";
			targets = (
				AD0DBEA11C8E71870094B2A7 /* RX.Kit */,
			);
		};
/* End PBXProject section */

/* Begin PBXResourcesBuildPhase section */
		AD0DBEA01C8E71870094B2A7 /* Resources */ = {
			isa = PBXResourcesBuildPhase;
			buildActionMask = 2147483647;
			files = (
				AD0DBEB21C8E71870094B2A7 /* Assets.xcassets in Resources */,
			);
			runOnlyForDeploymentPostprocessing = 0;
		};
/* End PBXResourcesBuildPhase section */

/* Begin PBXSourcesBuildPhase section */
		AD0DBE9E1C8E71870094B2A7 /* Sources */ = {
			isa = PBXSourcesBuildPhase;
			buildActionMask = 2147483647;
			files = (
				AD0DBEAD1C8E71870094B2A7 /* ViewController.m in Sources */,
				AD0DBEAA1C8E71870094B2A7 /* AppDelegate.m in Sources */,
				AD0DBEA71C8E71870094B2A7 /* main.m in Sources */,
			);
			runOnlyForDeploymentPostprocessing = 0;
		};
/* End PBXSourcesBuildPhase section */

/* Begin XCBuildConfiguration section */
		AD0DBEB71C8E71870094B2A7 /* Debug */ = {
			isa = XCBuildConfiguration;
			buildSettings = {
				ALWAYS_SEARCH_USER_PATHS = NO;
				CLANG_CXX_LANGUAGE_STANDARD = "gnu++0x";
				CLANG_CXX_LIBRARY = "libc++";
				CLANG_ENABLE_MODULES = YES;
				CLANG_ENABLE_OBJC_ARC = YES;
				CLANG_WARN_BOOL_CONVERSION = YES;
				CLANG_WARN_CONSTANT_CONVERSION = YES;
				CLANG_WARN_DIRECT_OBJC_ISA_USAGE = YES_ERROR;
				CLANG_WARN_EMPTY_BODY = YES;
				CLANG_WARN_ENUM_CONVERSION = YES;
				CLANG_WARN_INT_CONVERSION = YES;
				CLANG_WARN_OBJC_ROOT_CLASS = YES_ERROR;
				CLANG_WARN_UNREACHABLE_CODE = YES;
				CLANG_WARN__DUPLICATE_METHOD_MATCH = YES;
				"CODE_SIGN_IDENTITY[sdk=iphoneos*]" = "iPhone Developer";
				COPY_PHASE_STRIP = NO;
				DEBUG_INFORMATION_FORMAT = dwarf;
				ENABLE_STRICT_OBJC_MSGSEND = YES;
				ENABLE_TESTABILITY = YES;
				GCC_C_LANGUAGE_STANDARD = gnu99;
				GCC_DYNAMIC_NO_PIC = NO;
				GCC_NO_COMMON_BLOCKS = YES;
				GCC_OPTIMIZATION_LEVEL = 0;
				GCC_PREPROCESSOR_DEFINITIONS = (
					"DEBUG=1",
					"$(inherited)",
				);
				GCC_WARN_64_TO_32_BIT_CONVERSION = YES;
				GCC_WARN_ABOUT_RETURN_TYPE = YES_ERROR;
				GCC_WARN_UNDECLARED_SELECTOR = YES;
				GCC_WARN_UNINITIALIZED_AUTOS = YES_AGGRESSIVE;
				GCC_WARN_UNUSED_FUNCTION = YES;
				GCC_WARN_UNUSED_VARIABLE = YES;
				IPHONEOS_DEPLOYMENT_TARGET = 9.2;
				MTL_ENABLE_DEBUG_INFO = YES;
				ONLY_ACTIVE_ARCH = YES;
				SDKROOT = iphoneos;
			};
			name = Debug;
		};
		AD0DBEB81C8E71870094B2A7 /* Release */ = {
			isa = XCBuildConfiguration;
			buildSettings = {
				ALWAYS_SEARCH_USER_PATHS = NO;
				CLANG_CXX_LANGUAGE_STANDARD = "gnu++0x";
				CLANG_CXX_LIBRARY = "libc++";
				CLANG_ENABLE_MODULES = YES;
				CLANG_ENABLE_OBJC_ARC = YES;
				CLANG_WARN_BOOL_CONVERSION = YES;
				CLANG_WARN_CONSTANT_CONVERSION = YES;
				CLANG_WARN_DIRECT_OBJC_ISA_USAGE = YES_ERROR;
				CLANG_WARN_EMPTY_BODY = YES;
				CLANG_WARN_ENUM_CONVERSION = YES;
				CLANG_WARN_INT_CONVERSION = YES;
				CLANG_WARN_OBJC_ROOT_CLASS = YES_ERROR;
				CLANG_WARN_UNREACHABLE_CODE = YES;
				CLANG_WARN__DUPLICATE_METHOD_MATCH = YES;
				"CODE_SIGN_IDENTITY[sdk=iphoneos*]" = "iPhone Developer";
				COPY_PHASE_STRIP = NO;
				DEBUG_INFORMATION_FORMAT = "dwarf-with-dsym";
				ENABLE_NS_ASSERTIONS = NO;
				ENABLE_STRICT_OBJC_MSGSEND = YES;
				GCC_C_LANGUAGE_STANDARD = gnu99;
				GCC_NO_COMMON_BLOCKS = YES;
				GCC_WARN_64_TO_32_BIT_CONVERSION = YES;
				GCC_WARN_ABOUT_RETURN_TYPE = YES_ERROR;
				GCC_WARN_UNDECLARED_SELECTOR = YES;
				GCC_WARN_UNINITIALIZED_AUTOS = YES_AGGRESSIVE;
				GCC_WARN_UNUSED_FUNCTION = YES;
				GCC_WARN_UNUSED_VARIABLE = YES;
				IPHONEOS_DEPLOYMENT_TARGET = 9.2;
				MTL_ENABLE_DEBUG_INFO = NO;
				SDKROOT = iphoneos;
				VALIDATE_PRODUCT = YES;
			};
			name = Release;
		};
		AD0DBEBA1C8E71870094B2A7 /* Debug */ = {
			isa = XCBuildConfiguration;
			buildSettings = {
				ASSETCATALOG_COMPILER_APPICON_NAME = AppIcon;
				INFOPLIST_FILE = RX.Kit/Info.plist;
				LD_RUNPATH_SEARCH_PATHS = "$(inherited) @executable_path/Frameworks";
				PRODUCT_BUNDLE_IDENTIFIER = "RX.RX-Kit";
				PRODUCT_NAME = "$(TARGET_NAME)";
			};
			name = Debug;
		};
		AD0DBEBB1C8E71870094B2A7 /* Release */ = {
			isa = XCBuildConfiguration;
			buildSettings = {
				ASSETCATALOG_COMPILER_APPICON_NAME = AppIcon;
				INFOPLIST_FILE = RX.Kit/Info.plist;
				LD_RUNPATH_SEARCH_PATHS = "$(inherited) @executable_path/Frameworks";
				PRODUCT_BUNDLE_IDENTIFIER = "RX.RX-Kit";
				PRODUCT_NAME = "$(TARGET_NAME)";
			};
			name = Release;
		};
/* End XCBuildConfiguration section */

/* Begin XCConfigurationList section */
		AD0DBE9D1C8E71870094B2A7 /* Build configuration list for PBXProject "RX.Kit" */ = {
			isa = XCConfigurationList;
			buildConfigurations = (
				AD0DBEB71C8E71870094B2A7 /* Debug */,
				AD0DBEB81C8E71870094B2A7 /* Release */,
			);
			defaultConfigurationIsVisible = 0;
			defaultConfigurationName = Release;
		};
		AD0DBEB91C8E71870094B2A7 /* Build configuration list for PBXNativeTarget "RX.Kit" */ = {
			isa = XCConfigurationList;
			buildConfigurations = (
				AD0DBEBA1C8E71870094B2A7 /* Debug */,
				AD0DBEBB1C8E71870094B2A7 /* Release */,
			);
			defaultConfigurationIsVisible = 0;
		};
/* End XCConfigurationList section */
	};
	rootObject = AD0DBE9A1C8E71870094B2A7 /* Project object */;
}
